
Microsoft Visual Studio Solution File, Format Version 12.00
# Visual Studio Version 17
VisualStudioVersion = 17.5.33627.172
MinimumVisualStudioVersion = 10.0.40219.1
Project("{FAE04EC0-301F-11D3-BF4B-00C04F79EFBC}") = "media_idades", "media_idades\media_idades.csproj", "{B8C3AF1A-6993-4676-98F7-F231616F859A}"
EndProject
Global
	GlobalSection(SolutionConfigurationPlatforms) = preSolution
		Debug|Any CPU = Debug|Any CPU
		Release|Any CPU = Release|Any CPU
	EndGlobalSection
	GlobalSection(ProjectConfigurationPlatforms) = postSolution
		{B8C3AF1A-6993-4676-98F7-F231616F859A}.Debug|Any CPU.ActiveCfg = Debug|Any CPU
		{B8C3AF1A-6993-4676-98F7-F231616F859A}.Debug|Any CPU.Build.0 = Debug|Any CPU
		{B8C3AF1A-6993-4676-98F7-F231616F859A}.Release|Any CPU.ActiveCfg = Release|Any CPU
		{B8C3AF1A-6993-4676-98F7-F231616F859A}.Release|Any CPU.Build.0 = Release|Any CPU
	EndGlobalSection
	GlobalSection(SolutionProperties) = preSolution
		HideSolutionNode = FALSE
	EndGlobalSection
	GlobalSection(ExtensibilityGlobals) = postSolution
		SolutionGuid = {33A3E880-9661-487F-B7D7-0D3C98A160FB}
	EndGlobalSection
EndGlobal
