
Microsoft Visual Studio Solution File, Format Version 12.00
# Visual Studio Version 17
VisualStudioVersion = 17.5.33627.172
MinimumVisualStudioVersion = 10.0.40219.1
Project("{FAE04EC0-301F-11D3-BF4B-00C04F79EFBC}") = "soma_vetores", "soma_vetores\soma_vetores.csproj", "{32A8577E-B710-4B79-B1CB-2E235AA1688E}"
EndProject
Global
	GlobalSection(SolutionConfigurationPlatforms) = preSolution
		Debug|Any CPU = Debug|Any CPU
		Release|Any CPU = Release|Any CPU
	EndGlobalSection
	GlobalSection(ProjectConfigurationPlatforms) = postSolution
		{32A8577E-B710-4B79-B1CB-2E235AA1688E}.Debug|Any CPU.ActiveCfg = Debug|Any CPU
		{32A8577E-B710-4B79-B1CB-2E235AA1688E}.Debug|Any CPU.Build.0 = Debug|Any CPU
		{32A8577E-B710-4B79-B1CB-2E235AA1688E}.Release|Any CPU.ActiveCfg = Release|Any CPU
		{32A8577E-B710-4B79-B1CB-2E235AA1688E}.Release|Any CPU.Build.0 = Release|Any CPU
	EndGlobalSection
	GlobalSection(SolutionProperties) = preSolution
		HideSolutionNode = FALSE
	EndGlobalSection
	GlobalSection(ExtensibilityGlobals) = postSolution
		SolutionGuid = {36EF199D-98B8-4E4A-905F-712A31EFFFA7}
	EndGlobalSection
EndGlobal
