
Microsoft Visual Studio Solution File, Format Version 12.00
# Visual Studio Version 17
VisualStudioVersion = 17.5.33627.172
MinimumVisualStudioVersion = 10.0.40219.1
Project("{FAE04EC0-301F-11D3-BF4B-00C04F79EFBC}") = "combustivel", "combustivel\combustivel.csproj", "{E410CD6F-585E-41BD-9111-CC3A5DB13725}"
EndProject
Global
	GlobalSection(SolutionConfigurationPlatforms) = preSolution
		Debug|Any CPU = Debug|Any CPU
		Release|Any CPU = Release|Any CPU
	EndGlobalSection
	GlobalSection(ProjectConfigurationPlatforms) = postSolution
		{E410CD6F-585E-41BD-9111-CC3A5DB13725}.Debug|Any CPU.ActiveCfg = Debug|Any CPU
		{E410CD6F-585E-41BD-9111-CC3A5DB13725}.Debug|Any CPU.Build.0 = Debug|Any CPU
		{E410CD6F-585E-41BD-9111-CC3A5DB13725}.Release|Any CPU.ActiveCfg = Release|Any CPU
		{E410CD6F-585E-41BD-9111-CC3A5DB13725}.Release|Any CPU.Build.0 = Release|Any CPU
	EndGlobalSection
	GlobalSection(SolutionProperties) = preSolution
		HideSolutionNode = FALSE
	EndGlobalSection
	GlobalSection(ExtensibilityGlobals) = postSolution
		SolutionGuid = {057FF1BD-BFD5-471C-84BE-BFE478798DD6}
	EndGlobalSection
EndGlobal
