
Microsoft Visual Studio Solution File, Format Version 12.00
# Visual Studio Version 17
VisualStudioVersion = 17.5.33627.172
MinimumVisualStudioVersion = 10.0.40219.1
Project("{FAE04EC0-301F-11D3-BF4B-00C04F79EFBC}") = "notas", "notas\notas.csproj", "{D0AFAE77-B91B-4A92-96F7-4D5F4D9A52E3}"
EndProject
Global
	GlobalSection(SolutionConfigurationPlatforms) = preSolution
		Debug|Any CPU = Debug|Any CPU
		Release|Any CPU = Release|Any CPU
	EndGlobalSection
	GlobalSection(ProjectConfigurationPlatforms) = postSolution
		{D0AFAE77-B91B-4A92-96F7-4D5F4D9A52E3}.Debug|Any CPU.ActiveCfg = Debug|Any CPU
		{D0AFAE77-B91B-4A92-96F7-4D5F4D9A52E3}.Debug|Any CPU.Build.0 = Debug|Any CPU
		{D0AFAE77-B91B-4A92-96F7-4D5F4D9A52E3}.Release|Any CPU.ActiveCfg = Release|Any CPU
		{D0AFAE77-B91B-4A92-96F7-4D5F4D9A52E3}.Release|Any CPU.Build.0 = Release|Any CPU
	EndGlobalSection
	GlobalSection(SolutionProperties) = preSolution
		HideSolutionNode = FALSE
	EndGlobalSection
	GlobalSection(ExtensibilityGlobals) = postSolution
		SolutionGuid = {D6626AAF-4B4D-45F3-BE76-640DA78B7F20}
	EndGlobalSection
EndGlobal
