
Microsoft Visual Studio Solution File, Format Version 12.00
# Visual Studio Version 17
VisualStudioVersion = 17.5.33627.172
MinimumVisualStudioVersion = 10.0.40219.1
Project("{FAE04EC0-301F-11D3-BF4B-00C04F79EFBC}") = "coordenadas", "coordenadas\coordenadas.csproj", "{9C2FF091-A1B9-43D3-B68A-0D86041B2C4C}"
EndProject
Global
	GlobalSection(SolutionConfigurationPlatforms) = preSolution
		Debug|Any CPU = Debug|Any CPU
		Release|Any CPU = Release|Any CPU
	EndGlobalSection
	GlobalSection(ProjectConfigurationPlatforms) = postSolution
		{9C2FF091-A1B9-43D3-B68A-0D86041B2C4C}.Debug|Any CPU.ActiveCfg = Debug|Any CPU
		{9C2FF091-A1B9-43D3-B68A-0D86041B2C4C}.Debug|Any CPU.Build.0 = Debug|Any CPU
		{9C2FF091-A1B9-43D3-B68A-0D86041B2C4C}.Release|Any CPU.ActiveCfg = Release|Any CPU
		{9C2FF091-A1B9-43D3-B68A-0D86041B2C4C}.Release|Any CPU.Build.0 = Release|Any CPU
	EndGlobalSection
	GlobalSection(SolutionProperties) = preSolution
		HideSolutionNode = FALSE
	EndGlobalSection
	GlobalSection(ExtensibilityGlobals) = postSolution
		SolutionGuid = {6E9B4CD7-02C7-4982-901A-71CC4F005490}
	EndGlobalSection
EndGlobal
