
Microsoft Visual Studio Solution File, Format Version 12.00
# Visual Studio Version 17
VisualStudioVersion = 17.5.33627.172
MinimumVisualStudioVersion = 10.0.40219.1
Project("{FAE04EC0-301F-11D3-BF4B-00C04F79EFBC}") = "acima_diagonal", "acima_diagonal\acima_diagonal.csproj", "{1271E494-47D3-4FC5-8FD9-E40F9E7BA044}"
EndProject
Global
	GlobalSection(SolutionConfigurationPlatforms) = preSolution
		Debug|Any CPU = Debug|Any CPU
		Release|Any CPU = Release|Any CPU
	EndGlobalSection
	GlobalSection(ProjectConfigurationPlatforms) = postSolution
		{1271E494-47D3-4FC5-8FD9-E40F9E7BA044}.Debug|Any CPU.ActiveCfg = Debug|Any CPU
		{1271E494-47D3-4FC5-8FD9-E40F9E7BA044}.Debug|Any CPU.Build.0 = Debug|Any CPU
		{1271E494-47D3-4FC5-8FD9-E40F9E7BA044}.Release|Any CPU.ActiveCfg = Release|Any CPU
		{1271E494-47D3-4FC5-8FD9-E40F9E7BA044}.Release|Any CPU.Build.0 = Release|Any CPU
	EndGlobalSection
	GlobalSection(SolutionProperties) = preSolution
		HideSolutionNode = FALSE
	EndGlobalSection
	GlobalSection(ExtensibilityGlobals) = postSolution
		SolutionGuid = {6724A407-0A2E-4514-B4BE-6AE2BDC873B7}
	EndGlobalSection
EndGlobal
