
Microsoft Visual Studio Solution File, Format Version 12.00
# Visual Studio Version 17
VisualStudioVersion = 17.5.33627.172
MinimumVisualStudioVersion = 10.0.40219.1
Project("{FAE04EC0-301F-11D3-BF4B-00C04F79EFBC}") = "sequencia_impares", "sequencia_impares\sequencia_impares.csproj", "{FC64F409-CD5E-4482-9035-6F2868C6222E}"
EndProject
Global
	GlobalSection(SolutionConfigurationPlatforms) = preSolution
		Debug|Any CPU = Debug|Any CPU
		Release|Any CPU = Release|Any CPU
	EndGlobalSection
	GlobalSection(ProjectConfigurationPlatforms) = postSolution
		{FC64F409-CD5E-4482-9035-6F2868C6222E}.Debug|Any CPU.ActiveCfg = Debug|Any CPU
		{FC64F409-CD5E-4482-9035-6F2868C6222E}.Debug|Any CPU.Build.0 = Debug|Any CPU
		{FC64F409-CD5E-4482-9035-6F2868C6222E}.Release|Any CPU.ActiveCfg = Release|Any CPU
		{FC64F409-CD5E-4482-9035-6F2868C6222E}.Release|Any CPU.Build.0 = Release|Any CPU
	EndGlobalSection
	GlobalSection(SolutionProperties) = preSolution
		HideSolutionNode = FALSE
	EndGlobalSection
	GlobalSection(ExtensibilityGlobals) = postSolution
		SolutionGuid = {DEE5B1C6-69E7-4B09-B597-F0C6E6F9E248}
	EndGlobalSection
EndGlobal
